
Microsoft Visual Studio Solution File, Format Version 12.00
# Visual Studio Version 16
VisualStudioVersion = 16.0.33027.164
MinimumVisualStudioVersion = 10.0.40219.1
Project("{FAE04EC0-301F-11D3-BF4B-00C04F79EFBC}") = "Examen1", "Examen1\Examen1.csproj", "{01F3F834-1794-4512-AB44-C52E947F9361}"
EndProject
Global
	GlobalSection(SolutionConfigurationPlatforms) = preSolution
		Debug|Any CPU = Debug|Any CPU
		Release|Any CPU = Release|Any CPU
	EndGlobalSection
	GlobalSection(ProjectConfigurationPlatforms) = postSolution
		{01F3F834-1794-4512-AB44-C52E947F9361}.Debug|Any CPU.ActiveCfg = Debug|Any CPU
		{01F3F834-1794-4512-AB44-C52E947F9361}.Debug|Any CPU.Build.0 = Debug|Any CPU
		{01F3F834-1794-4512-AB44-C52E947F9361}.Release|Any CPU.ActiveCfg = Release|Any CPU
		{01F3F834-1794-4512-AB44-C52E947F9361}.Release|Any CPU.Build.0 = Release|Any CPU
	EndGlobalSection
	GlobalSection(SolutionProperties) = preSolution
		HideSolutionNode = FALSE
	EndGlobalSection
	GlobalSection(ExtensibilityGlobals) = postSolution
		SolutionGuid = {A857C2BF-FFA9-48E1-AB2A-A6A70B34AB8F}
	EndGlobalSection
EndGlobal
